# THIS IS AN AUTOGENERATED FILE. DO NOT EDIT THIS FILE DIRECTLY.
# yarn lockfile v1


angular-gridster2@~12.1.1:
  version "12.1.1"
  resolved "https://registry.yarnpkg.com/angular-gridster2/-/angular-gridster2-12.1.1.tgz#699cd0a2477b81b052f6bd7b336ba7cc2adc8bc3"
  integrity sha512-HK7vf212LSn7mp8g4sNA6/X8TQN4wJyHupKemx+PUPmTs6FHDyquUMUFXYxANR47jdyLEMW/DxCDI0bEhIIChw==
  dependencies:
    tslib "^2.1.0"

echarts@^5.2.2:
  version "5.2.2"
  resolved "https://registry.yarnpkg.com/echarts/-/echarts-5.2.2.tgz#ec3c8b2a151cbba71ba3c2c7cf9b2f2047ce4370"
  integrity sha512-yxuBfeIH5c+0FsoRP60w4De6omXhA06c7eUYBsC1ykB6Ys2yK5fSteIYWvkJ4xJVLQgCvAdO8C4mN6MLeJpBaw==
  dependencies:
    tslib "2.3.0"
    zrender "5.2.1"

ngx-echarts@^8.0.1:
  version "8.0.1"
  resolved "https://registry.yarnpkg.com/ngx-echarts/-/ngx-echarts-8.0.1.tgz#413428a3693bfd2685158b1d169a67ad1d556e74"
  integrity sha512-CP+WnCcnMCNpCL9BVmDIZmhGSVPnkJhhFbQEKt0nrwV0L6d4QTAGZ+e4y6G1zTTFKkIMPHpaO0nhtDRgSXAW/w==
  dependencies:
    tslib "^2.3.0"

tslib@2.3.0:
  version "2.3.0"
  resolved "https://registry.yarnpkg.com/tslib/-/tslib-2.3.0.tgz#803b8cdab3e12ba581a4ca41c8839bbb0dacb09e"
  integrity sha512-N82ooyxVNm6h1riLCoyS9e3fuJ3AMG2zIZs2Gd1ATcSFjSA23Q0fzjjZeh0jbJvWVDZ0cJT8yaNNaaXHzueNjg==

tslib@^2.1.0, tslib@^2.3.0:
  version "2.3.1"
  resolved "https://registry.yarnpkg.com/tslib/-/tslib-2.3.1.tgz#e8a335add5ceae51aa261d32a490158ef042ef01"
  integrity sha512-77EbyPPpMz+FRFRuAFlWMtmgUWGe9UOG2Z25NqCwiIjRhOf5iKGuzSe5P2w1laq+FkRy4p+PCuVkJSGkzTEKVw==

zrender@5.2.1:
  version "5.2.1"
  resolved "https://registry.yarnpkg.com/zrender/-/zrender-5.2.1.tgz#5f4bbda915ba6d412b0b19dc2431beaad05417bb"
  integrity sha512-M3bPGZuyLTNBC6LiNKXJwSCtglMp8XUEqEBG+2MdICDI3d1s500Y4P0CzldQGsqpRVB7fkvf3BKQQRxsEaTlsw==
  dependencies:
    tslib "2.3.0"
